// !$*UTF8*$!
{
	archiveVersion = 1;
	classes = {
	};
	objectVersion = 50;
	objects = {

/* Begin PBXBuildFile section */
		2946C16525E329C100268123 /* AppDelegate.swift in Sources */ = {isa = PBXBuildFile; fileRef = 2946C16425E329C100268123 /* AppDelegate.swift */; };
		2946C16725E329C100268123 /* SceneDelegate.swift in Sources */ = {isa = PBXBuildFile; fileRef = 2946C16625E329C100268123 /* SceneDelegate.swift */; };
		2946C16925E329C100268123 /* ViewController.swift in Sources */ = {isa = PBXBuildFile; fileRef = 2946C16825E329C100268123 /* ViewController.swift */; };
		2946C16C25E329C100268123 /* Main.storyboard in Resources */ = {isa = PBXBuildFile; fileRef = 2946C16A25E329C100268123 /* Main.storyboard */; };
		2946C16F25E329C100268123 /* Garden_Journal_iOS.xcdatamodeld in Sources */ = {isa = PBXBuildFile; fileRef = 2946C16D25E329C100268123 /* Garden_Journal_iOS.xcdatamodeld */; };
		2946C17125E329C300268123 /* Assets.xcassets in Resources */ = {isa = PBXBuildFile; fileRef = 2946C17025E329C300268123 /* Assets.xcassets */; };
		2946C17425E329C300268123 /* LaunchScreen.storyboard in Resources */ = {isa = PBXBuildFile; fileRef = 2946C17225E329C300268123 /* LaunchScreen.storyboard */; };
/* End PBXBuildFile section */

/* Begin PBXFileReference section */
		2946C16125E329C100268123 /* Garden-Journal-iOS.app */ = {isa = PBXFileReference; explicitFileType = wrapper.application; includeInIndex = 0; path = "Garden-Journal-iOS.app"; sourceTree = BUILT_PRODUCTS_DIR; };
		2946C16425E329C100268123 /* AppDelegate.swift */ = {isa = PBXFileReference; lastKnownFileType = sourcecode.swift; path = AppDelegate.swift; sourceTree = "<group>"; };
		2946C16625E329C100268123 /* SceneDelegate.swift */ = {isa = PBXFileReference; lastKnownFileType = sourcecode.swift; path = SceneDelegate.swift; sourceTree = "<group>"; };
		2946C16825E329C100268123 /* ViewController.swift */ = {isa = PBXFileReference; lastKnownFileType = sourcecode.swift; path = ViewController.swift; sourceTree = "<group>"; };
		2946C16B25E329C100268123 /* Base */ = {isa = PBXFileReference; lastKnownFileType = file.storyboard; name = Base; path = Base.lproj/Main.storyboard; sourceTree = "<group>"; };
		2946C16E25E329C100268123 /* Garden_Journal_iOS.xcdatamodel */ = {isa = PBXFileReference; lastKnownFileType = wrapper.xcdatamodel; path = Garden_Journal_iOS.xcdatamodel; sourceTree = "<group>"; };
		2946C17025E329C300268123 /* Assets.xcassets */ = {isa = PBXFileReference; lastKnownFileType = folder.assetcatalog; path = Assets.xcassets; sourceTree = "<group>"; };
		2946C17325E329C300268123 /* Base */ = {isa = PBXFileReference; lastKnownFileType = file.storyboard; name = Base; path = Base.lproj/LaunchScreen.storyboard; sourceTree = "<group>"; };
		2946C17525E329C300268123 /* Info.plist */ = {isa = PBXFileReference; lastKnownFileType = text.plist.xml; path = Info.plist; sourceTree = "<group>"; };
/* End PBXFileReference section */

/* Begin PBXFrameworksBuildPhase section */
		2946C15E25E329C100268123 /* Frameworks */ = {
			isa = PBXFrameworksBuildPhase;
			buildActionMask = 2147483647;
			files = (
			);
			runOnlyForDeploymentPostprocessing = 0;
		};
/* End PBXFrameworksBuildPhase section */

/* Begin PBXGroup section */
		2946C15825E329C100268123 = {
			isa = PBXGroup;
			children = (
				2946C16325E329C100268123 /* Garden-Journal-iOS */,
				2946C16225E329C100268123 /* Products */,
			);
			sourceTree = "<group>";
		};
		2946C16225E329C100268123 /* Products */ = {
			isa = PBXGroup;
			children = (
				2946C16125E329C100268123 /* Garden-Journal-iOS.app */,
			);
			name = Products;
			sourceTree = "<group>";
		};
		2946C16325E329C100268123 /* Garden-Journal-iOS */ = {
			isa = PBXGroup;
			children = (
				2946C16425E329C100268123 /* AppDelegate.swift */,
				2946C16625E329C100268123 /* SceneDelegate.swift */,
				2946C16825E329C100268123 /* ViewController.swift */,
				2946C16A25E329C100268123 /* Main.storyboard */,
				2946C17025E329C300268123 /* Assets.xcassets */,
				2946C17225E329C300268123 /* LaunchScreen.storyboard */,
				2946C17525E329C300268123 /* Info.plist */,
				2946C16D25E329C100268123 /* Garden_Journal_iOS.xcdatamodeld */,
			);
			path = "Garden-Journal-iOS";
			sourceTree = "<group>";
		};
/* End PBXGroup section */

/* Begin PBXNativeTarget section */
		2946C16025E329C100268123 /* Garden-Journal-iOS */ = {
			isa = PBXNativeTarget;
			buildConfigurationList = 2946C17825E329C300268123 /* Build configuration list for PBXNativeTarget "Garden-Journal-iOS" */;
			buildPhases = (
				2946C15D25E329C100268123 /* Sources */,
				2946C15E25E329C100268123 /* Frameworks */,
				2946C15F25E329C100268123 /* Resources */,
			);
			buildRules = (
			);
			dependencies = (
			);
			name = "Garden-Journal-iOS";
			productName = "Garden-Journal-iOS";
			productReference = 2946C16125E329C100268123 /* Garden-Journal-iOS.app */;
			productType = "com.apple.product-type.application";
		};
/* End PBXNativeTarget section */

/* Begin PBXProject section */
		2946C15925E329C100268123 /* Project object */ = {
			isa = PBXProject;
			attributes = {
				LastSwiftUpdateCheck = 1240;
				LastUpgradeCheck = 1240;
				TargetAttributes = {
					2946C16025E329C100268123 = {
						CreatedOnToolsVersion = 12.4;
					};
				};
			};
			buildConfigurationList = 2946C15C25E329C100268123 /* Build configuration list for PBXProject "Garden-Journal-iOS" */;
			compatibilityVersion = "Xcode 9.3";
			developmentRegion = en;
			hasScannedForEncodings = 0;
			knownRegions = (
				en,
				Base,
			);
			mainGroup = 2946C15825E329C100268123;
			productRefGroup = 2946C16225E329C100268123 /* Products */;
			projectDirPath = "";
			projectRoot = "";
			targets = (
				2946C16025E329C100268123 /* Garden-Journal-iOS */,
			);
		};
/* End PBXProject section */

/* Begin PBXResourcesBuildPhase section */
		2946C15F25E329C100268123 /* Resources */ = {
			isa = PBXResourcesBuildPhase;
			buildActionMask = 2147483647;
			files = (
				2946C17425E329C300268123 /* LaunchScreen.storyboard in Resources */,
				2946C17125E329C300268123 /* Assets.xcassets in Resources */,
				2946C16C25E329C100268123 /* Main.storyboard in Resources */,
			);
			runOnlyForDeploymentPostprocessing = 0;
		};
/* End PBXResourcesBuildPhase section */

/* Begin PBXSourcesBuildPhase section */
		2946C15D25E329C100268123 /* Sources */ = {
			isa = PBXSourcesBuildPhase;
			buildActionMask = 2147483647;
			files = (
				2946C16F25E329C100268123 /* Garden_Journal_iOS.xcdatamodeld in Sources */,
				2946C16925E329C100268123 /* ViewController.swift in Sources */,
				2946C16525E329C100268123 /* AppDelegate.swift in Sources */,
				2946C16725E329C100268123 /* SceneDelegate.swift in Sources */,
			);
			runOnlyForDeploymentPostprocessing = 0;
		};
/* End PBXSourcesBuildPhase section */

/* Begin PBXVariantGroup section */
		2946C16A25E329C100268123 /* Main.storyboard */ = {
			isa = PBXVariantGroup;
			children = (
				2946C16B25E329C100268123 /* Base */,
			);
			name = Main.storyboard;
			sourceTree = "<group>";
		};
		2946C17225E329C300268123 /* LaunchScreen.storyboard */ = {
			isa = PBXVariantGroup;
			children = (
				2946C17325E329C300268123 /* Base */,
			);
			name = LaunchScreen.storyboard;
			sourceTree = "<group>";
		};
/* End PBXVariantGroup section */

/* Begin XCBuildConfiguration section */
		2946C17625E329C300268123 /* Debug */ = {
			isa = XCBuildConfiguration;
			buildSettings = {
				ALWAYS_SEARCH_USER_PATHS = NO;
				CLANG_ANALYZER_NONNULL = YES;
				CLANG_ANALYZER_NUMBER_OBJECT_CONVERSION = YES_AGGRESSIVE;
				CLANG_CXX_LANGUAGE_STANDARD = "gnu++14";
				CLANG_CXX_LIBRARY = "libc++";
				CLANG_ENABLE_MODULES = YES;
				CLANG_ENABLE_OBJC_ARC = YES;
				CLANG_ENABLE_OBJC_WEAK = YES;
				CLANG_WARN_BLOCK_CAPTURE_AUTORELEASING = YES;
				CLANG_WARN_BOOL_CONVERSION = YES;
				CLANG_WARN_COMMA = YES;
				CLANG_WARN_CONSTANT_CONVERSION = YES;
				CLANG_WARN_DEPRECATED_OBJC_IMPLEMENTATIONS = YES;
				CLANG_WARN_DIRECT_OBJC_ISA_USAGE = YES_ERROR;
				CLANG_WARN_DOCUMENTATION_COMMENTS = YES;
				CLANG_WARN_EMPTY_BODY = YES;
				CLANG_WARN_ENUM_CONVERSION = YES;
				CLANG_WARN_INFINITE_RECURSION = YES;
				CLANG_WARN_INT_CONVERSION = YES;
				CLANG_WARN_NON_LITERAL_NULL_CONVERSION = YES;
				CLANG_WARN_OBJC_IMPLICIT_RETAIN_SELF = YES;
				CLANG_WARN_OBJC_LITERAL_CONVERSION = YES;
				CLANG_WARN_OBJC_ROOT_CLASS = YES_ERROR;
				CLANG_WARN_QUOTED_INCLUDE_IN_FRAMEWORK_HEADER = YES;
				CLANG_WARN_RANGE_LOOP_ANALYSIS = YES;
				CLANG_WARN_STRICT_PROTOTYPES = YES;
				CLANG_WARN_SUSPICIOUS_MOVE = YES;
				CLANG_WARN_UNGUARDED_AVAILABILITY = YES_AGGRESSIVE;
				CLANG_WARN_UNREACHABLE_CODE = YES;
				CLANG_WARN__DUPLICATE_METHOD_MATCH = YES;
				COPY_PHASE_STRIP = NO;
				DEBUG_INFORMATION_FORMAT = dwarf;
				ENABLE_STRICT_OBJC_MSGSEND = YES;
				ENABLE_TESTABILITY = YES;
				GCC_C_LANGUAGE_STANDARD = gnu11;
				GCC_DYNAMIC_NO_PIC = NO;
				GCC_NO_COMMON_BLOCKS = YES;
				GCC_OPTIMIZATION_LEVEL = 0;
				GCC_PREPROCESSOR_DEFINITIONS = (
					"DEBUG=1",
					"$(inherited)",
				);
				GCC_WARN_64_TO_32_BIT_CONVERSION = YES;
				GCC_WARN_ABOUT_RETURN_TYPE = YES_ERROR;
				GCC_WARN_UNDECLARED_SELECTOR = YES;
				GCC_WARN_UNINITIALIZED_AUTOS = YES_AGGRESSIVE;
				GCC_WARN_UNUSED_FUNCTION = YES;
				GCC_WARN_UNUSED_VARIABLE = YES;
				IPHONEOS_DEPLOYMENT_TARGET = 14.4;
				MTL_ENABLE_DEBUG_INFO = INCLUDE_SOURCE;
				MTL_FAST_MATH = YES;
				ONLY_ACTIVE_ARCH = YES;
				SDKROOT = iphoneos;
				SWIFT_ACTIVE_COMPILATION_CONDITIONS = DEBUG;
				SWIFT_OPTIMIZATION_LEVEL = "-Onone";
			};
			name = Debug;
		};
		2946C17725E329C300268123 /* Release */ = {
			isa = XCBuildConfiguration;
			buildSettings = {
				ALWAYS_SEARCH_USER_PATHS = NO;
				CLANG_ANALYZER_NONNULL = YES;
				CLANG_ANALYZER_NUMBER_OBJECT_CONVERSION = YES_AGGRESSIVE;
				CLANG_CXX_LANGUAGE_STANDARD = "gnu++14";
				CLANG_CXX_LIBRARY = "libc++";
				CLANG_ENABLE_MODULES = YES;
				CLANG_ENABLE_OBJC_ARC = YES;
				CLANG_ENABLE_OBJC_WEAK = YES;
				CLANG_WARN_BLOCK_CAPTURE_AUTORELEASING = YES;
				CLANG_WARN_BOOL_CONVERSION = YES;
				CLANG_WARN_COMMA = YES;
				CLANG_WARN_CONSTANT_CONVERSION = YES;
				CLANG_WARN_DEPRECATED_OBJC_IMPLEMENTATIONS = YES;
				CLANG_WARN_DIRECT_OBJC_ISA_USAGE = YES_ERROR;
				CLANG_WARN_DOCUMENTATION_COMMENTS = YES;
				CLANG_WARN_EMPTY_BODY = YES;
				CLANG_WARN_ENUM_CONVERSION = YES;
				CLANG_WARN_INFINITE_RECURSION = YES;
				CLANG_WARN_INT_CONVERSION = YES;
				CLANG_WARN_NON_LITERAL_NULL_CONVERSION = YES;
				CLANG_WARN_OBJC_IMPLICIT_RETAIN_SELF = YES;
				CLANG_WARN_OBJC_LITERAL_CONVERSION = YES;
				CLANG_WARN_OBJC_ROOT_CLASS = YES_ERROR;
				CLANG_WARN_QUOTED_INCLUDE_IN_FRAMEWORK_HEADER = YES;
				CLANG_WARN_RANGE_LOOP_ANALYSIS = YES;
				CLANG_WARN_STRICT_PROTOTYPES = YES;
				CLANG_WARN_SUSPICIOUS_MOVE = YES;
				CLANG_WARN_UNGUARDED_AVAILABILITY = YES_AGGRESSIVE;
				CLANG_WARN_UNREACHABLE_CODE = YES;
				CLANG_WARN__DUPLICATE_METHOD_MATCH = YES;
				COPY_PHASE_STRIP = NO;
				DEBUG_INFORMATION_FORMAT = "dwarf-with-dsym";
				ENABLE_NS_ASSERTIONS = NO;
				ENABLE_STRICT_OBJC_MSGSEND = YES;
				GCC_C_LANGUAGE_STANDARD = gnu11;
				GCC_NO_COMMON_BLOCKS = YES;
				GCC_WARN_64_TO_32_BIT_CONVERSION = YES;
				GCC_WARN_ABOUT_RETURN_TYPE = YES_ERROR;
				GCC_WARN_UNDECLARED_SELECTOR = YES;
				GCC_WARN_UNINITIALIZED_AUTOS = YES_AGGRESSIVE;
				GCC_WARN_UNUSED_FUNCTION = YES;
				GCC_WARN_UNUSED_VARIABLE = YES;
				IPHONEOS_DEPLOYMENT_TARGET = 14.4;
				MTL_ENABLE_DEBUG_INFO = NO;
				MTL_FAST_MATH = YES;
				SDKROOT = iphoneos;
				SWIFT_COMPILATION_MODE = wholemodule;
				SWIFT_OPTIMIZATION_LEVEL = "-O";
				VALIDATE_PRODUCT = YES;
			};
			name = Release;
		};
		2946C17925E329C300268123 /* Debug */ = {
			isa = XCBuildConfiguration;
			buildSettings = {
				ASSETCATALOG_COMPILER_APPICON_NAME = AppIcon;
				ASSETCATALOG_COMPILER_GLOBAL_ACCENT_COLOR_NAME = AccentColor;
				CODE_SIGN_STYLE = Automatic;
				DEVELOPMENT_TEAM = J8P65BP27D;
				INFOPLIST_FILE = "Garden-Journal-iOS/Info.plist";
				LD_RUNPATH_SEARCH_PATHS = (
					"$(inherited)",
					"@executable_path/Frameworks",
				);
				PRODUCT_BUNDLE_IDENTIFIER = "vgruiz.Garden-Journal-iOS";
				PRODUCT_NAME = "$(TARGET_NAME)";
				SWIFT_VERSION = 5.0;
				TARGETED_DEVICE_FAMILY = "1,2";
			};
			name = Debug;
		};
		2946C17A25E329C300268123 /* Release */ = {
			isa = XCBuildConfiguration;
			buildSettings = {
				ASSETCATALOG_COMPILER_APPICON_NAME = AppIcon;
				ASSETCATALOG_COMPILER_GLOBAL_ACCENT_COLOR_NAME = AccentColor;
				CODE_SIGN_STYLE = Automatic;
				DEVELOPMENT_TEAM = J8P65BP27D;
				INFOPLIST_FILE = "Garden-Journal-iOS/Info.plist";
				LD_RUNPATH_SEARCH_PATHS = (
					"$(inherited)",
					"@executable_path/Frameworks",
				);
				PRODUCT_BUNDLE_IDENTIFIER = "vgruiz.Garden-Journal-iOS";
				PRODUCT_NAME = "$(TARGET_NAME)";
				SWIFT_VERSION = 5.0;
				TARGETED_DEVICE_FAMILY = "1,2";
			};
			name = Release;
		};
/* End XCBuildConfiguration section */

/* Begin XCConfigurationList section */
		2946C15C25E329C100268123 /* Build configuration list for PBXProject "Garden-Journal-iOS" */ = {
			isa = XCConfigurationList;
			buildConfigurations = (
				2946C17625E329C300268123 /* Debug */,
				2946C17725E329C300268123 /* Release */,
			);
			defaultConfigurationIsVisible = 0;
			defaultConfigurationName = Release;
		};
		2946C17825E329C300268123 /* Build configuration list for PBXNativeTarget "Garden-Journal-iOS" */ = {
			isa = XCConfigurationList;
			buildConfigurations = (
				2946C17925E329C300268123 /* Debug */,
				2946C17A25E329C300268123 /* Release */,
			);
			defaultConfigurationIsVisible = 0;
			defaultConfigurationName = Release;
		};
/* End XCConfigurationList section */

/* Begin XCVersionGroup section */
		2946C16D25E329C100268123 /* Garden_Journal_iOS.xcdatamodeld */ = {
			isa = XCVersionGroup;
			children = (
				2946C16E25E329C100268123 /* Garden_Journal_iOS.xcdatamodel */,
			);
			currentVersion = 2946C16E25E329C100268123 /* Garden_Journal_iOS.xcdatamodel */;
			path = Garden_Journal_iOS.xcdatamodeld;
			sourceTree = "<group>";
			versionGroupType = wrapper.xcdatamodel;
		};
/* End XCVersionGroup section */
	};
	rootObject = 2946C15925E329C100268123 /* Project object */;
}
